hash: a5ca31ca2da2ddfa3c31319dbfe3ca42b049a6cf2b242e47b826e5d48ab82d0a
updated: 2017-09-24T11:46:44.638596916+02:00
imports:
- name: github.com/BurntSushi/toml
  version: a368813c5e648fee92e5f6c30e3944ff9d5e8895
- name: github.com/go-ini/ini
  version: c787282c39ac1fc618827141a1f762240def08a3
- name: github.com/joho/godotenv
  version: a79fa1e548e2c689c241d10173efd51e5d689d5b
- name: github.com/kr/pretty
  version: e6ac2fc51e89a3249e82157fa0bb7a18ef9dd5bb
- name: github.com/kr/text
  version: bb797dc4fb8320488f47bf11de07a733d7233e1f
- name: github.com/pierrec/go-ini
  version: e5919f8bb24619bdade0c1b49e1f540952aaed1e
  subpackages:
  - internal/structs
- name: github.com/spf13/cast
  version: acbeb36b902d72a7a4c18e8f3241075e7ab763e4
- name: github.com/tealeg/xlsx
  version: a06c872a6c402f194e9c817cf30f3840a75f8ffe
- name: gopkg.in/yaml.v2
  version: cd8b52f8269e0feb286dfeef29f8fe4d5b397e0b
testImports:
- name: github.com/jinzhu/configor
  version: 6c409036e1aea1420f2e1a196f95c0e3c4aef091
