hash: a6cd940eda6e24c508afdd07216d6fa7627c0c3024d80a784aaf6661351fda6f
updated: 2017-10-04T13:58:20.196857142+02:00
imports:
- name: github.com/asciimoo/ini
  version: a051195fc25fbdf623136a09a8dfa1fdc8e8ba08
- name: github.com/BurntSushi/toml
  version: a368813c5e648fee92e5f6c30e3944ff9d5e8895
- name: github.com/go-ini/ini
  version: c787282c39ac1fc618827141a1f762240def08a3
- name: github.com/joho/godotenv
  version: a79fa1e548e2c689c241d10173efd51e5d689d5b
- name: github.com/pierrec/go-ini
  version: e5919f8bb24619bdade0c1b49e1f540952aaed1e
- name: github.com/roscopecoltran/pretty
  version: 9272f0205388f1e4309cfe59d5e34eb976e5ce5f
- name: github.com/tealeg/xlsx
  version: 466a0a69fccec6236a79c9214acb5502dbc6fa9a
- name: gopkg.in/yaml.v2
  version: eb3733d160e74a9c7e442f435eb3bea458e1d19f
testImports:
- name: github.com/jinzhu/configor
  version: 6c409036e1aea1420f2e1a196f95c0e3c4aef091
